
Microsoft Visual Studio Solution File, Format Version 12.00
# Visual Studio Version 17
VisualStudioVersion = 17.3.32901.215
MinimumVisualStudioVersion = 10.0.40219.1
Project("{FAE04EC0-301F-11D3-BF4B-00C04F79EFBC}") = "2023.02.13", "2023.02.13\2023.02.13.csproj", "{8BACA83B-77CE-45EB-87E8-3D82CF86BE32}"
EndProject
Global
	GlobalSection(SolutionConfigurationPlatforms) = preSolution
		Debug|Any CPU = Debug|Any CPU
		Release|Any CPU = Release|Any CPU
	EndGlobalSection
	GlobalSection(ProjectConfigurationPlatforms) = postSolution
		{8BACA83B-77CE-45EB-87E8-3D82CF86BE32}.Debug|Any CPU.ActiveCfg = Debug|Any CPU
		{8BACA83B-77CE-45EB-87E8-3D82CF86BE32}.Debug|Any CPU.Build.0 = Debug|Any CPU
		{8BACA83B-77CE-45EB-87E8-3D82CF86BE32}.Release|Any CPU.ActiveCfg = Release|Any CPU
		{8BACA83B-77CE-45EB-87E8-3D82CF86BE32}.Release|Any CPU.Build.0 = Release|Any CPU
	EndGlobalSection
	GlobalSection(SolutionProperties) = preSolution
		HideSolutionNode = FALSE
	EndGlobalSection
	GlobalSection(ExtensibilityGlobals) = postSolution
		SolutionGuid = {C56EB23D-5856-49CB-93AC-57294AF5DA33}
	EndGlobalSection
EndGlobal
